
Microsoft Visual Studio Solution File, Format Version 12.00
# Visual Studio Version 16
VisualStudioVersion = 16.0.30503.244
MinimumVisualStudioVersion = 10.0.40219.1
Project("{FAE04EC0-301F-11D3-BF4B-00C04F79EFBC}") = "Task_5", "Task_5\Task_5.csproj", "{A088A585-6EB5-45BC-8D12-B55FCA0EBE32}"
EndProject
Global
	GlobalSection(SolutionConfigurationPlatforms) = preSolution
		Debug|Any CPU = Debug|Any CPU
		Release|Any CPU = Release|Any CPU
	EndGlobalSection
	GlobalSection(ProjectConfigurationPlatforms) = postSolution
		{A088A585-6EB5-45BC-8D12-B55FCA0EBE32}.Debug|Any CPU.ActiveCfg = Debug|Any CPU
		{A088A585-6EB5-45BC-8D12-B55FCA0EBE32}.Debug|Any CPU.Build.0 = Debug|Any CPU
		{A088A585-6EB5-45BC-8D12-B55FCA0EBE32}.Release|Any CPU.ActiveCfg = Release|Any CPU
		{A088A585-6EB5-45BC-8D12-B55FCA0EBE32}.Release|Any CPU.Build.0 = Release|Any CPU
	EndGlobalSection
	GlobalSection(SolutionProperties) = preSolution
		HideSolutionNode = FALSE
	EndGlobalSection
	GlobalSection(ExtensibilityGlobals) = postSolution
		SolutionGuid = {F01866D9-DBBC-43C5-BBF6-FDFA86539375}
	EndGlobalSection
EndGlobal
